
Microsoft Visual Studio Solution File, Format Version 12.00
# Visual Studio Version 17
VisualStudioVersion = 17.10.35122.118
MinimumVisualStudioVersion = 10.0.40219.1
Project("{FAE04EC0-301F-11D3-BF4B-00C04F79EFBC}") = "Aula01", "Aula01\Aula01.csproj", "{5C88A560-0D05-4677-9266-A6A46534FFEC}"
EndProject
Global
	GlobalSection(SolutionConfigurationPlatforms) = preSolution
		Debug|Any CPU = Debug|Any CPU
		Release|Any CPU = Release|Any CPU
	EndGlobalSection
	GlobalSection(ProjectConfigurationPlatforms) = postSolution
		{5C88A560-0D05-4677-9266-A6A46534FFEC}.Debug|Any CPU.ActiveCfg = Debug|Any CPU
		{5C88A560-0D05-4677-9266-A6A46534FFEC}.Debug|Any CPU.Build.0 = Debug|Any CPU
		{5C88A560-0D05-4677-9266-A6A46534FFEC}.Release|Any CPU.ActiveCfg = Release|Any CPU
		{5C88A560-0D05-4677-9266-A6A46534FFEC}.Release|Any CPU.Build.0 = Release|Any CPU
	EndGlobalSection
	GlobalSection(SolutionProperties) = preSolution
		HideSolutionNode = FALSE
	EndGlobalSection
	GlobalSection(ExtensibilityGlobals) = postSolution
		SolutionGuid = {64DB2F48-0D20-4A48-95D7-650AAA4627EF}
	EndGlobalSection
EndGlobal
